
Microsoft Visual Studio Solution File, Format Version 12.00
# Visual Studio Version 17
VisualStudioVersion = 17.5.33530.505
MinimumVisualStudioVersion = 10.0.40219.1
Project("{FAE04EC0-301F-11D3-BF4B-00C04F79EFBC}") = "feladat_00", "feladat_00\feladat_00.csproj", "{7777EBD5-A604-4F0F-8834-9C60ECB9EC36}"
EndProject
Project("{FAE04EC0-301F-11D3-BF4B-00C04F79EFBC}") = "feladat_01", "feladat_01\feladat_01.csproj", "{0428A60B-01CF-4F68-94A7-FABF1EE91A68}"
EndProject
Global
	GlobalSection(SolutionConfigurationPlatforms) = preSolution
		Debug|Any CPU = Debug|Any CPU
		Release|Any CPU = Release|Any CPU
	EndGlobalSection
	GlobalSection(ProjectConfigurationPlatforms) = postSolution
		{7777EBD5-A604-4F0F-8834-9C60ECB9EC36}.Debug|Any CPU.ActiveCfg = Debug|Any CPU
		{7777EBD5-A604-4F0F-8834-9C60ECB9EC36}.Debug|Any CPU.Build.0 = Debug|Any CPU
		{7777EBD5-A604-4F0F-8834-9C60ECB9EC36}.Release|Any CPU.ActiveCfg = Release|Any CPU
		{7777EBD5-A604-4F0F-8834-9C60ECB9EC36}.Release|Any CPU.Build.0 = Release|Any CPU
		{0428A60B-01CF-4F68-94A7-FABF1EE91A68}.Debug|Any CPU.ActiveCfg = Debug|Any CPU
		{0428A60B-01CF-4F68-94A7-FABF1EE91A68}.Debug|Any CPU.Build.0 = Debug|Any CPU
		{0428A60B-01CF-4F68-94A7-FABF1EE91A68}.Release|Any CPU.ActiveCfg = Release|Any CPU
		{0428A60B-01CF-4F68-94A7-FABF1EE91A68}.Release|Any CPU.Build.0 = Release|Any CPU
	EndGlobalSection
	GlobalSection(SolutionProperties) = preSolution
		HideSolutionNode = FALSE
	EndGlobalSection
	GlobalSection(ExtensibilityGlobals) = postSolution
		SolutionGuid = {A4FABEAB-996C-46FF-96F0-72DC8967A4BB}
	EndGlobalSection
EndGlobal
