
Microsoft Visual Studio Solution File, Format Version 12.00
# Visual Studio Version 17
VisualStudioVersion = 17.7.34003.232
MinimumVisualStudioVersion = 10.0.40219.1
Project("{FAE04EC0-301F-11D3-BF4B-00C04F79EFBC}") = "feladat_01", "feladat_01\feladat_01.csproj", "{6945CFF6-4EEB-4F33-8EBA-2181A0BC8874}"
EndProject
Project("{FAE04EC0-301F-11D3-BF4B-00C04F79EFBC}") = "feladat_02", "feladat_02\feladat_02.csproj", "{B15FBB8F-ACC2-4BB3-99A8-A9A97893996B}"
EndProject
Project("{FAE04EC0-301F-11D3-BF4B-00C04F79EFBC}") = "feladat_03", "feladat_03\feladat_03.csproj", "{AC343ECE-0F95-4DDE-9CFD-07B26FA17D37}"
EndProject
Project("{FAE04EC0-301F-11D3-BF4B-00C04F79EFBC}") = "feladat_04", "feladat_04\feladat_04.csproj", "{A109F268-4491-4516-B5D3-6CEF0E47768A}"
EndProject
Project("{FAE04EC0-301F-11D3-BF4B-00C04F79EFBC}") = "feladat_05", "feladat_05\feladat_05.csproj", "{4DA9E13B-AF91-4003-9BB1-141C37930CCE}"
EndProject
Project("{FAE04EC0-301F-11D3-BF4B-00C04F79EFBC}") = "feladat_06", "feladat_06\feladat_06.csproj", "{D438CF43-9850-4B12-AA8A-754FF9F748CD}"
EndProject
Project("{FAE04EC0-301F-11D3-BF4B-00C04F79EFBC}") = "feladat_07", "feladat_07\feladat_07.csproj", "{6DC36D8C-77E6-4405-9788-CE307116D13C}"
EndProject
Project("{FAE04EC0-301F-11D3-BF4B-00C04F79EFBC}") = "feladat_08", "feladat_08\feladat_08.csproj", "{12E3FE8F-76F1-4D42-A0FF-AD664C39BED9}"
EndProject
Project("{FAE04EC0-301F-11D3-BF4B-00C04F79EFBC}") = "feladat_09", "feladat_09\feladat_09.csproj", "{7E19E7F6-3D35-4D92-A3CE-65CFB4C38515}"
EndProject
Project("{FAE04EC0-301F-11D3-BF4B-00C04F79EFBC}") = "feladat_10", "feladat_10\feladat_10.csproj", "{56690CA5-22FF-4BF8-9794-2E04C6917453}"
EndProject
Project("{FAE04EC0-301F-11D3-BF4B-00C04F79EFBC}") = "feladat_11", "feladat_11\feladat_11.csproj", "{D746C961-8526-4B60-880A-054B7D01D863}"
EndProject
Project("{FAE04EC0-301F-11D3-BF4B-00C04F79EFBC}") = "feladat_12", "feladat_12\feladat_12.csproj", "{96837644-5CE3-4C03-B6B1-E5FC15DEA02B}"
EndProject
Project("{FAE04EC0-301F-11D3-BF4B-00C04F79EFBC}") = "feladat_13", "feladat_13\feladat_13.csproj", "{C17AC36B-7EA1-4766-B459-916E14238122}"
EndProject
Project("{FAE04EC0-301F-11D3-BF4B-00C04F79EFBC}") = "feladat_14", "feladat_14\feladat_14.csproj", "{7B5A15F4-3B6F-4670-9D3B-9B68F801A534}"
EndProject
Global
	GlobalSection(SolutionConfigurationPlatforms) = preSolution
		Debug|Any CPU = Debug|Any CPU
		Release|Any CPU = Release|Any CPU
	EndGlobalSection
	GlobalSection(ProjectConfigurationPlatforms) = postSolution
		{6945CFF6-4EEB-4F33-8EBA-2181A0BC8874}.Debug|Any CPU.ActiveCfg = Debug|Any CPU
		{6945CFF6-4EEB-4F33-8EBA-2181A0BC8874}.Debug|Any CPU.Build.0 = Debug|Any CPU
		{6945CFF6-4EEB-4F33-8EBA-2181A0BC8874}.Release|Any CPU.ActiveCfg = Release|Any CPU
		{6945CFF6-4EEB-4F33-8EBA-2181A0BC8874}.Release|Any CPU.Build.0 = Release|Any CPU
		{B15FBB8F-ACC2-4BB3-99A8-A9A97893996B}.Debug|Any CPU.ActiveCfg = Debug|Any CPU
		{B15FBB8F-ACC2-4BB3-99A8-A9A97893996B}.Debug|Any CPU.Build.0 = Debug|Any CPU
		{B15FBB8F-ACC2-4BB3-99A8-A9A97893996B}.Release|Any CPU.ActiveCfg = Release|Any CPU
		{B15FBB8F-ACC2-4BB3-99A8-A9A97893996B}.Release|Any CPU.Build.0 = Release|Any CPU
		{AC343ECE-0F95-4DDE-9CFD-07B26FA17D37}.Debug|Any CPU.ActiveCfg = Debug|Any CPU
		{AC343ECE-0F95-4DDE-9CFD-07B26FA17D37}.Debug|Any CPU.Build.0 = Debug|Any CPU
		{AC343ECE-0F95-4DDE-9CFD-07B26FA17D37}.Release|Any CPU.ActiveCfg = Release|Any CPU
		{AC343ECE-0F95-4DDE-9CFD-07B26FA17D37}.Release|Any CPU.Build.0 = Release|Any CPU
		{A109F268-4491-4516-B5D3-6CEF0E47768A}.Debug|Any CPU.ActiveCfg = Debug|Any CPU
		{A109F268-4491-4516-B5D3-6CEF0E47768A}.Debug|Any CPU.Build.0 = Debug|Any CPU
		{A109F268-4491-4516-B5D3-6CEF0E47768A}.Release|Any CPU.ActiveCfg = Release|Any CPU
		{A109F268-4491-4516-B5D3-6CEF0E47768A}.Release|Any CPU.Build.0 = Release|Any CPU
		{4DA9E13B-AF91-4003-9BB1-141C37930CCE}.Debug|Any CPU.ActiveCfg = Debug|Any CPU
		{4DA9E13B-AF91-4003-9BB1-141C37930CCE}.Debug|Any CPU.Build.0 = Debug|Any CPU
		{4DA9E13B-AF91-4003-9BB1-141C37930CCE}.Release|Any CPU.ActiveCfg = Release|Any CPU
		{4DA9E13B-AF91-4003-9BB1-141C37930CCE}.Release|Any CPU.Build.0 = Release|Any CPU
		{D438CF43-9850-4B12-AA8A-754FF9F748CD}.Debug|Any CPU.ActiveCfg = Debug|Any CPU
		{D438CF43-9850-4B12-AA8A-754FF9F748CD}.Debug|Any CPU.Build.0 = Debug|Any CPU
		{D438CF43-9850-4B12-AA8A-754FF9F748CD}.Release|Any CPU.ActiveCfg = Release|Any CPU
		{D438CF43-9850-4B12-AA8A-754FF9F748CD}.Release|Any CPU.Build.0 = Release|Any CPU
		{6DC36D8C-77E6-4405-9788-CE307116D13C}.Debug|Any CPU.ActiveCfg = Debug|Any CPU
		{6DC36D8C-77E6-4405-9788-CE307116D13C}.Debug|Any CPU.Build.0 = Debug|Any CPU
		{6DC36D8C-77E6-4405-9788-CE307116D13C}.Release|Any CPU.ActiveCfg = Release|Any CPU
		{6DC36D8C-77E6-4405-9788-CE307116D13C}.Release|Any CPU.Build.0 = Release|Any CPU
		{12E3FE8F-76F1-4D42-A0FF-AD664C39BED9}.Debug|Any CPU.ActiveCfg = Debug|Any CPU
		{12E3FE8F-76F1-4D42-A0FF-AD664C39BED9}.Debug|Any CPU.Build.0 = Debug|Any CPU
		{12E3FE8F-76F1-4D42-A0FF-AD664C39BED9}.Release|Any CPU.ActiveCfg = Release|Any CPU
		{12E3FE8F-76F1-4D42-A0FF-AD664C39BED9}.Release|Any CPU.Build.0 = Release|Any CPU
		{7E19E7F6-3D35-4D92-A3CE-65CFB4C38515}.Debug|Any CPU.ActiveCfg = Debug|Any CPU
		{7E19E7F6-3D35-4D92-A3CE-65CFB4C38515}.Debug|Any CPU.Build.0 = Debug|Any CPU
		{7E19E7F6-3D35-4D92-A3CE-65CFB4C38515}.Release|Any CPU.ActiveCfg = Release|Any CPU
		{7E19E7F6-3D35-4D92-A3CE-65CFB4C38515}.Release|Any CPU.Build.0 = Release|Any CPU
		{56690CA5-22FF-4BF8-9794-2E04C6917453}.Debug|Any CPU.ActiveCfg = Debug|Any CPU
		{56690CA5-22FF-4BF8-9794-2E04C6917453}.Debug|Any CPU.Build.0 = Debug|Any CPU
		{56690CA5-22FF-4BF8-9794-2E04C6917453}.Release|Any CPU.ActiveCfg = Release|Any CPU
		{56690CA5-22FF-4BF8-9794-2E04C6917453}.Release|Any CPU.Build.0 = Release|Any CPU
		{D746C961-8526-4B60-880A-054B7D01D863}.Debug|Any CPU.ActiveCfg = Debug|Any CPU
		{D746C961-8526-4B60-880A-054B7D01D863}.Debug|Any CPU.Build.0 = Debug|Any CPU
		{D746C961-8526-4B60-880A-054B7D01D863}.Release|Any CPU.ActiveCfg = Release|Any CPU
		{D746C961-8526-4B60-880A-054B7D01D863}.Release|Any CPU.Build.0 = Release|Any CPU
		{96837644-5CE3-4C03-B6B1-E5FC15DEA02B}.Debug|Any CPU.ActiveCfg = Debug|Any CPU
		{96837644-5CE3-4C03-B6B1-E5FC15DEA02B}.Debug|Any CPU.Build.0 = Debug|Any CPU
		{96837644-5CE3-4C03-B6B1-E5FC15DEA02B}.Release|Any CPU.ActiveCfg = Release|Any CPU
		{96837644-5CE3-4C03-B6B1-E5FC15DEA02B}.Release|Any CPU.Build.0 = Release|Any CPU
		{C17AC36B-7EA1-4766-B459-916E14238122}.Debug|Any CPU.ActiveCfg = Debug|Any CPU
		{C17AC36B-7EA1-4766-B459-916E14238122}.Debug|Any CPU.Build.0 = Debug|Any CPU
		{C17AC36B-7EA1-4766-B459-916E14238122}.Release|Any CPU.ActiveCfg = Release|Any CPU
		{C17AC36B-7EA1-4766-B459-916E14238122}.Release|Any CPU.Build.0 = Release|Any CPU
		{7B5A15F4-3B6F-4670-9D3B-9B68F801A534}.Debug|Any CPU.ActiveCfg = Debug|Any CPU
		{7B5A15F4-3B6F-4670-9D3B-9B68F801A534}.Debug|Any CPU.Build.0 = Debug|Any CPU
		{7B5A15F4-3B6F-4670-9D3B-9B68F801A534}.Release|Any CPU.ActiveCfg = Release|Any CPU
		{7B5A15F4-3B6F-4670-9D3B-9B68F801A534}.Release|Any CPU.Build.0 = Release|Any CPU
	EndGlobalSection
	GlobalSection(SolutionProperties) = preSolution
		HideSolutionNode = FALSE
	EndGlobalSection
	GlobalSection(ExtensibilityGlobals) = postSolution
		SolutionGuid = {E8555335-1242-4DED-927F-3F505F1024D7}
	EndGlobalSection
EndGlobal
