
Microsoft Visual Studio Solution File, Format Version 12.00
# Visual Studio Version 17
VisualStudioVersion = 17.8.34309.116
MinimumVisualStudioVersion = 10.0.40219.1
Project("{9A19103F-16F7-4668-BE54-9A1E7A4F7556}") = "00_Dictionary", "00_Dictionary\00_Dictionary.csproj", "{632EF53C-EAAD-4417-B36C-82EBD0DB9B06}"
EndProject
Project("{9A19103F-16F7-4668-BE54-9A1E7A4F7556}") = "01_FileRead", "01_FileRead\01_FileRead.csproj", "{D9664C4F-F8D1-4DAA-9B5D-2F52E7171F9A}"
EndProject
Global
	GlobalSection(SolutionConfigurationPlatforms) = preSolution
		Debug|Any CPU = Debug|Any CPU
		Release|Any CPU = Release|Any CPU
	EndGlobalSection
	GlobalSection(ProjectConfigurationPlatforms) = postSolution
		{632EF53C-EAAD-4417-B36C-82EBD0DB9B06}.Debug|Any CPU.ActiveCfg = Debug|Any CPU
		{632EF53C-EAAD-4417-B36C-82EBD0DB9B06}.Debug|Any CPU.Build.0 = Debug|Any CPU
		{632EF53C-EAAD-4417-B36C-82EBD0DB9B06}.Release|Any CPU.ActiveCfg = Release|Any CPU
		{632EF53C-EAAD-4417-B36C-82EBD0DB9B06}.Release|Any CPU.Build.0 = Release|Any CPU
		{D9664C4F-F8D1-4DAA-9B5D-2F52E7171F9A}.Debug|Any CPU.ActiveCfg = Debug|Any CPU
		{D9664C4F-F8D1-4DAA-9B5D-2F52E7171F9A}.Debug|Any CPU.Build.0 = Debug|Any CPU
		{D9664C4F-F8D1-4DAA-9B5D-2F52E7171F9A}.Release|Any CPU.ActiveCfg = Release|Any CPU
		{D9664C4F-F8D1-4DAA-9B5D-2F52E7171F9A}.Release|Any CPU.Build.0 = Release|Any CPU
	EndGlobalSection
	GlobalSection(SolutionProperties) = preSolution
		HideSolutionNode = FALSE
	EndGlobalSection
	GlobalSection(ExtensibilityGlobals) = postSolution
		SolutionGuid = {BB654D81-0855-489F-B6BA-DFB5AC0067A4}
	EndGlobalSection
EndGlobal
