
Microsoft Visual Studio Solution File, Format Version 12.00
# Visual Studio Version 17
VisualStudioVersion = 17.8.34309.116
MinimumVisualStudioVersion = 10.0.40219.1
Project("{9A19103F-16F7-4668-BE54-9A1E7A4F7556}") = "00_Dictionary", "00_Dictionary\00_Dictionary.csproj", "{632EF53C-EAAD-4417-B36C-82EBD0DB9B06}"
EndProject
Project("{9A19103F-16F7-4668-BE54-9A1E7A4F7556}") = "01_FileRead", "01_FileRead\01_FileRead.csproj", "{D9664C4F-F8D1-4DAA-9B5D-2F52E7171F9A}"
EndProject
Project("{9A19103F-16F7-4668-BE54-9A1E7A4F7556}") = "CustomLibrary", "Custom.Library\CustomLibrary.csproj", "{4D313D3B-A02B-4432-8FE2-0C295418CC5D}"
EndProject
Project("{9A19103F-16F7-4668-BE54-9A1E7A4F7556}") = "02_FileRead", "02_FileRead\02_FileRead.csproj", "{C6860683-A516-4921-AB9B-8959016559AA}"
EndProject
Project("{9A19103F-16F7-4668-BE54-9A1E7A4F7556}") = "03_FileRead", "03_FileRead\03_FileRead.csproj", "{41329DCA-CDE6-4BDC-B128-93EC5D69D8BA}"
EndProject
Project("{9A19103F-16F7-4668-BE54-9A1E7A4F7556}") = "04_Fileread", "04_Fileread\04_Fileread.csproj", "{3D5C7931-93D0-493F-9C0A-C1FB41BD6F6C}"
EndProject
Project("{9A19103F-16F7-4668-BE54-9A1E7A4F7556}") = "05_FileRead", "05_FileRead\05_FileRead.csproj", "{89EC9B11-4FFE-4312-82EF-197EA6D666B0}"
EndProject
Project("{FAE04EC0-301F-11D3-BF4B-00C04F79EFBC}") = "06_FileRead", "06_FileRead\06_FileRead.csproj", "{8F3AA404-1287-4CC4-8C88-E6E3D675DBA3}"
EndProject
Global
	GlobalSection(SolutionConfigurationPlatforms) = preSolution
		Debug|Any CPU = Debug|Any CPU
		Release|Any CPU = Release|Any CPU
	EndGlobalSection
	GlobalSection(ProjectConfigurationPlatforms) = postSolution
		{632EF53C-EAAD-4417-B36C-82EBD0DB9B06}.Debug|Any CPU.ActiveCfg = Debug|Any CPU
		{632EF53C-EAAD-4417-B36C-82EBD0DB9B06}.Debug|Any CPU.Build.0 = Debug|Any CPU
		{632EF53C-EAAD-4417-B36C-82EBD0DB9B06}.Release|Any CPU.ActiveCfg = Release|Any CPU
		{632EF53C-EAAD-4417-B36C-82EBD0DB9B06}.Release|Any CPU.Build.0 = Release|Any CPU
		{D9664C4F-F8D1-4DAA-9B5D-2F52E7171F9A}.Debug|Any CPU.ActiveCfg = Debug|Any CPU
		{D9664C4F-F8D1-4DAA-9B5D-2F52E7171F9A}.Debug|Any CPU.Build.0 = Debug|Any CPU
		{D9664C4F-F8D1-4DAA-9B5D-2F52E7171F9A}.Release|Any CPU.ActiveCfg = Release|Any CPU
		{D9664C4F-F8D1-4DAA-9B5D-2F52E7171F9A}.Release|Any CPU.Build.0 = Release|Any CPU
		{4D313D3B-A02B-4432-8FE2-0C295418CC5D}.Debug|Any CPU.ActiveCfg = Debug|Any CPU
		{4D313D3B-A02B-4432-8FE2-0C295418CC5D}.Debug|Any CPU.Build.0 = Debug|Any CPU
		{4D313D3B-A02B-4432-8FE2-0C295418CC5D}.Release|Any CPU.ActiveCfg = Release|Any CPU
		{4D313D3B-A02B-4432-8FE2-0C295418CC5D}.Release|Any CPU.Build.0 = Release|Any CPU
		{C6860683-A516-4921-AB9B-8959016559AA}.Debug|Any CPU.ActiveCfg = Debug|Any CPU
		{C6860683-A516-4921-AB9B-8959016559AA}.Debug|Any CPU.Build.0 = Debug|Any CPU
		{C6860683-A516-4921-AB9B-8959016559AA}.Release|Any CPU.ActiveCfg = Release|Any CPU
		{C6860683-A516-4921-AB9B-8959016559AA}.Release|Any CPU.Build.0 = Release|Any CPU
		{41329DCA-CDE6-4BDC-B128-93EC5D69D8BA}.Debug|Any CPU.ActiveCfg = Debug|Any CPU
		{41329DCA-CDE6-4BDC-B128-93EC5D69D8BA}.Debug|Any CPU.Build.0 = Debug|Any CPU
		{41329DCA-CDE6-4BDC-B128-93EC5D69D8BA}.Release|Any CPU.ActiveCfg = Release|Any CPU
		{41329DCA-CDE6-4BDC-B128-93EC5D69D8BA}.Release|Any CPU.Build.0 = Release|Any CPU
		{3D5C7931-93D0-493F-9C0A-C1FB41BD6F6C}.Debug|Any CPU.ActiveCfg = Debug|Any CPU
		{3D5C7931-93D0-493F-9C0A-C1FB41BD6F6C}.Debug|Any CPU.Build.0 = Debug|Any CPU
		{3D5C7931-93D0-493F-9C0A-C1FB41BD6F6C}.Release|Any CPU.ActiveCfg = Release|Any CPU
		{3D5C7931-93D0-493F-9C0A-C1FB41BD6F6C}.Release|Any CPU.Build.0 = Release|Any CPU
		{89EC9B11-4FFE-4312-82EF-197EA6D666B0}.Debug|Any CPU.ActiveCfg = Debug|Any CPU
		{89EC9B11-4FFE-4312-82EF-197EA6D666B0}.Debug|Any CPU.Build.0 = Debug|Any CPU
		{89EC9B11-4FFE-4312-82EF-197EA6D666B0}.Release|Any CPU.ActiveCfg = Release|Any CPU
		{89EC9B11-4FFE-4312-82EF-197EA6D666B0}.Release|Any CPU.Build.0 = Release|Any CPU
		{8F3AA404-1287-4CC4-8C88-E6E3D675DBA3}.Debug|Any CPU.ActiveCfg = Debug|Any CPU
		{8F3AA404-1287-4CC4-8C88-E6E3D675DBA3}.Debug|Any CPU.Build.0 = Debug|Any CPU
		{8F3AA404-1287-4CC4-8C88-E6E3D675DBA3}.Release|Any CPU.ActiveCfg = Release|Any CPU
		{8F3AA404-1287-4CC4-8C88-E6E3D675DBA3}.Release|Any CPU.Build.0 = Release|Any CPU
	EndGlobalSection
	GlobalSection(SolutionProperties) = preSolution
		HideSolutionNode = FALSE
	EndGlobalSection
	GlobalSection(ExtensibilityGlobals) = postSolution
		SolutionGuid = {BB654D81-0855-489F-B6BA-DFB5AC0067A4}
	EndGlobalSection
EndGlobal
