
Microsoft Visual Studio Solution File, Format Version 12.00
# Visual Studio Version 17
VisualStudioVersion = 17.9.34616.47
MinimumVisualStudioVersion = 10.0.40219.1
Project("{9A19103F-16F7-4668-BE54-9A1E7A4F7556}") = "HttpServices", "HttpServices\HttpServices.csproj", "{2E5B6194-8B63-4373-894C-570153EA5939}"
EndProject
Project("{FAE04EC0-301F-11D3-BF4B-00C04F79EFBC}") = "BeerApp", "BeerApp\BeerApp.csproj", "{2F2160F3-4D70-441F-904A-61396544D144}"
EndProject
Project("{9A19103F-16F7-4668-BE54-9A1E7A4F7556}") = "Custom.Library", "Custom.Library\Custom.Library.csproj", "{B653781E-8089-4FED-8FB2-D55A4C74C2C6}"
EndProject
Project("{FAE04EC0-301F-11D3-BF4B-00C04F79EFBC}") = "Models", "Models\Models.csproj", "{30A11AB1-B690-4CCD-9E17-062DB1D54DF4}"
EndProject
Global
	GlobalSection(SolutionConfigurationPlatforms) = preSolution
		Debug|Any CPU = Debug|Any CPU
		Release|Any CPU = Release|Any CPU
	EndGlobalSection
	GlobalSection(ProjectConfigurationPlatforms) = postSolution
		{2E5B6194-8B63-4373-894C-570153EA5939}.Debug|Any CPU.ActiveCfg = Debug|Any CPU
		{2E5B6194-8B63-4373-894C-570153EA5939}.Debug|Any CPU.Build.0 = Debug|Any CPU
		{2E5B6194-8B63-4373-894C-570153EA5939}.Release|Any CPU.ActiveCfg = Release|Any CPU
		{2E5B6194-8B63-4373-894C-570153EA5939}.Release|Any CPU.Build.0 = Release|Any CPU
		{2F2160F3-4D70-441F-904A-61396544D144}.Debug|Any CPU.ActiveCfg = Debug|Any CPU
		{2F2160F3-4D70-441F-904A-61396544D144}.Debug|Any CPU.Build.0 = Debug|Any CPU
		{2F2160F3-4D70-441F-904A-61396544D144}.Release|Any CPU.ActiveCfg = Release|Any CPU
		{2F2160F3-4D70-441F-904A-61396544D144}.Release|Any CPU.Build.0 = Release|Any CPU
		{B653781E-8089-4FED-8FB2-D55A4C74C2C6}.Debug|Any CPU.ActiveCfg = Debug|Any CPU
		{B653781E-8089-4FED-8FB2-D55A4C74C2C6}.Debug|Any CPU.Build.0 = Debug|Any CPU
		{B653781E-8089-4FED-8FB2-D55A4C74C2C6}.Release|Any CPU.ActiveCfg = Release|Any CPU
		{B653781E-8089-4FED-8FB2-D55A4C74C2C6}.Release|Any CPU.Build.0 = Release|Any CPU
		{30A11AB1-B690-4CCD-9E17-062DB1D54DF4}.Debug|Any CPU.ActiveCfg = Debug|Any CPU
		{30A11AB1-B690-4CCD-9E17-062DB1D54DF4}.Debug|Any CPU.Build.0 = Debug|Any CPU
		{30A11AB1-B690-4CCD-9E17-062DB1D54DF4}.Release|Any CPU.ActiveCfg = Release|Any CPU
		{30A11AB1-B690-4CCD-9E17-062DB1D54DF4}.Release|Any CPU.Build.0 = Release|Any CPU
	EndGlobalSection
	GlobalSection(SolutionProperties) = preSolution
		HideSolutionNode = FALSE
	EndGlobalSection
	GlobalSection(ExtensibilityGlobals) = postSolution
		SolutionGuid = {7CB83D6D-9EEF-4D4B-BBCC-E4168117B978}
	EndGlobalSection
EndGlobal
