
Microsoft Visual Studio Solution File, Format Version 12.00
# Visual Studio Version 17
VisualStudioVersion = 17.14.36518.9 d17.14
MinimumVisualStudioVersion = 10.0.40219.1
Project("{FAE04EC0-301F-11D3-BF4B-00C04F79EFBC}") = "Solution.Volleyball", "Solution.Volleyball\Solution.Volleyball.csproj", "{A7283FA9-62BF-449F-A08E-FB7B0FAD47F2}"
EndProject
Global
	GlobalSection(SolutionConfigurationPlatforms) = preSolution
		Debug|Any CPU = Debug|Any CPU
		Release|Any CPU = Release|Any CPU
	EndGlobalSection
	GlobalSection(ProjectConfigurationPlatforms) = postSolution
		{A7283FA9-62BF-449F-A08E-FB7B0FAD47F2}.Debug|Any CPU.ActiveCfg = Debug|Any CPU
		{A7283FA9-62BF-449F-A08E-FB7B0FAD47F2}.Debug|Any CPU.Build.0 = Debug|Any CPU
		{A7283FA9-62BF-449F-A08E-FB7B0FAD47F2}.Release|Any CPU.ActiveCfg = Release|Any CPU
		{A7283FA9-62BF-449F-A08E-FB7B0FAD47F2}.Release|Any CPU.Build.0 = Release|Any CPU
	EndGlobalSection
	GlobalSection(SolutionProperties) = preSolution
		HideSolutionNode = FALSE
	EndGlobalSection
	GlobalSection(ExtensibilityGlobals) = postSolution
		SolutionGuid = {7BFE78F6-1E46-4C2C-AA8A-6CA50E544708}
	EndGlobalSection
EndGlobal
