
Microsoft Visual Studio Solution File, Format Version 12.00
# Visual Studio Version 17
VisualStudioVersion = 17.8.34309.116
MinimumVisualStudioVersion = 10.0.40219.1
Project("{9A19103F-16F7-4668-BE54-9A1E7A4F7556}") = "CustomLibrary", "Custom.Library\CustomLibrary.csproj", "{D1BA2348-C663-410B-95BC-57FFBA465DA0}"
EndProject
Project("{9A19103F-16F7-4668-BE54-9A1E7A4F7556}") = "feladat_01", "feladat_01\feladat_01.csproj", "{E789A4C8-C40B-4184-AC13-42FED5D516D8}"
EndProject
Project("{9A19103F-16F7-4668-BE54-9A1E7A4F7556}") = "feladat_02", "feladat_04\feladat_02.csproj", "{69D20527-412E-4499-AAE7-EB7D121AE554}"
EndProject
Project("{9A19103F-16F7-4668-BE54-9A1E7A4F7556}") = "feladat_03", "feladat_07\feladat_03.csproj", "{AAB6C092-6B9F-4245-A7F7-1EC6766C649E}"
EndProject
Project("{9A19103F-16F7-4668-BE54-9A1E7A4F7556}") = "feladat_04.1", "feladat_04.1\feladat_04.1.csproj", "{993365E9-C992-46AA-ABA8-91E3357375A9}"
EndProject
Project("{9A19103F-16F7-4668-BE54-9A1E7A4F7556}") = "feladat_05", "feladat_05\feladat_05.csproj", "{290CE186-D71D-449A-9FAD-B94D3063631F}"
EndProject
Project("{9A19103F-16F7-4668-BE54-9A1E7A4F7556}") = "feladat_06", "feladat_06\feladat_06.csproj", "{0DB14630-717F-4D52-A70F-3716FF62377F}"
EndProject
Project("{9A19103F-16F7-4668-BE54-9A1E7A4F7556}") = "feladat_07.1", "feladat_07.1\feladat_07.1.csproj", "{1A916049-06F3-40EA-9BE3-E23E89F6A5E0}"
EndProject
Project("{9A19103F-16F7-4668-BE54-9A1E7A4F7556}") = "feladat_08", "feladat_08\feladat_08.csproj", "{73DCDD40-29D4-4139-B877-C6D486A94C5C}"
EndProject
Project("{9A19103F-16F7-4668-BE54-9A1E7A4F7556}") = "feladat_09", "feladat_09\feladat_09.csproj", "{55E5E258-119E-4F8B-A851-4F3D8C255DEF}"
EndProject
Project("{9A19103F-16F7-4668-BE54-9A1E7A4F7556}") = "feladat_10", "feladat_10\feladat_10.csproj", "{A7231467-3A4B-4974-9AC9-B5B72BF16167}"
EndProject
Project("{9A19103F-16F7-4668-BE54-9A1E7A4F7556}") = "feladat_11", "feladat_11\feladat_11.csproj", "{028C35B1-E8D9-4C62-81E7-BCCA9A120703}"
EndProject
Project("{FAE04EC0-301F-11D3-BF4B-00C04F79EFBC}") = "feladat_12", "feladat_12\feladat_12.csproj", "{C3C8EE19-D98D-41C4-A4E2-B2D48618ED5E}"
EndProject
Global
	GlobalSection(SolutionConfigurationPlatforms) = preSolution
		Debug|Any CPU = Debug|Any CPU
		Release|Any CPU = Release|Any CPU
	EndGlobalSection
	GlobalSection(ProjectConfigurationPlatforms) = postSolution
		{D1BA2348-C663-410B-95BC-57FFBA465DA0}.Debug|Any CPU.ActiveCfg = Debug|Any CPU
		{D1BA2348-C663-410B-95BC-57FFBA465DA0}.Debug|Any CPU.Build.0 = Debug|Any CPU
		{D1BA2348-C663-410B-95BC-57FFBA465DA0}.Release|Any CPU.ActiveCfg = Release|Any CPU
		{D1BA2348-C663-410B-95BC-57FFBA465DA0}.Release|Any CPU.Build.0 = Release|Any CPU
		{E789A4C8-C40B-4184-AC13-42FED5D516D8}.Debug|Any CPU.ActiveCfg = Debug|Any CPU
		{E789A4C8-C40B-4184-AC13-42FED5D516D8}.Debug|Any CPU.Build.0 = Debug|Any CPU
		{E789A4C8-C40B-4184-AC13-42FED5D516D8}.Release|Any CPU.ActiveCfg = Release|Any CPU
		{E789A4C8-C40B-4184-AC13-42FED5D516D8}.Release|Any CPU.Build.0 = Release|Any CPU
		{69D20527-412E-4499-AAE7-EB7D121AE554}.Debug|Any CPU.ActiveCfg = Debug|Any CPU
		{69D20527-412E-4499-AAE7-EB7D121AE554}.Debug|Any CPU.Build.0 = Debug|Any CPU
		{69D20527-412E-4499-AAE7-EB7D121AE554}.Release|Any CPU.ActiveCfg = Release|Any CPU
		{69D20527-412E-4499-AAE7-EB7D121AE554}.Release|Any CPU.Build.0 = Release|Any CPU
		{AAB6C092-6B9F-4245-A7F7-1EC6766C649E}.Debug|Any CPU.ActiveCfg = Debug|Any CPU
		{AAB6C092-6B9F-4245-A7F7-1EC6766C649E}.Debug|Any CPU.Build.0 = Debug|Any CPU
		{AAB6C092-6B9F-4245-A7F7-1EC6766C649E}.Release|Any CPU.ActiveCfg = Release|Any CPU
		{AAB6C092-6B9F-4245-A7F7-1EC6766C649E}.Release|Any CPU.Build.0 = Release|Any CPU
		{993365E9-C992-46AA-ABA8-91E3357375A9}.Debug|Any CPU.ActiveCfg = Debug|Any CPU
		{993365E9-C992-46AA-ABA8-91E3357375A9}.Debug|Any CPU.Build.0 = Debug|Any CPU
		{993365E9-C992-46AA-ABA8-91E3357375A9}.Release|Any CPU.ActiveCfg = Release|Any CPU
		{993365E9-C992-46AA-ABA8-91E3357375A9}.Release|Any CPU.Build.0 = Release|Any CPU
		{290CE186-D71D-449A-9FAD-B94D3063631F}.Debug|Any CPU.ActiveCfg = Debug|Any CPU
		{290CE186-D71D-449A-9FAD-B94D3063631F}.Debug|Any CPU.Build.0 = Debug|Any CPU
		{290CE186-D71D-449A-9FAD-B94D3063631F}.Release|Any CPU.ActiveCfg = Release|Any CPU
		{290CE186-D71D-449A-9FAD-B94D3063631F}.Release|Any CPU.Build.0 = Release|Any CPU
		{0DB14630-717F-4D52-A70F-3716FF62377F}.Debug|Any CPU.ActiveCfg = Debug|Any CPU
		{0DB14630-717F-4D52-A70F-3716FF62377F}.Debug|Any CPU.Build.0 = Debug|Any CPU
		{0DB14630-717F-4D52-A70F-3716FF62377F}.Release|Any CPU.ActiveCfg = Release|Any CPU
		{0DB14630-717F-4D52-A70F-3716FF62377F}.Release|Any CPU.Build.0 = Release|Any CPU
		{1A916049-06F3-40EA-9BE3-E23E89F6A5E0}.Debug|Any CPU.ActiveCfg = Debug|Any CPU
		{1A916049-06F3-40EA-9BE3-E23E89F6A5E0}.Debug|Any CPU.Build.0 = Debug|Any CPU
		{1A916049-06F3-40EA-9BE3-E23E89F6A5E0}.Release|Any CPU.ActiveCfg = Release|Any CPU
		{1A916049-06F3-40EA-9BE3-E23E89F6A5E0}.Release|Any CPU.Build.0 = Release|Any CPU
		{73DCDD40-29D4-4139-B877-C6D486A94C5C}.Debug|Any CPU.ActiveCfg = Debug|Any CPU
		{73DCDD40-29D4-4139-B877-C6D486A94C5C}.Debug|Any CPU.Build.0 = Debug|Any CPU
		{73DCDD40-29D4-4139-B877-C6D486A94C5C}.Release|Any CPU.ActiveCfg = Release|Any CPU
		{73DCDD40-29D4-4139-B877-C6D486A94C5C}.Release|Any CPU.Build.0 = Release|Any CPU
		{55E5E258-119E-4F8B-A851-4F3D8C255DEF}.Debug|Any CPU.ActiveCfg = Debug|Any CPU
		{55E5E258-119E-4F8B-A851-4F3D8C255DEF}.Debug|Any CPU.Build.0 = Debug|Any CPU
		{55E5E258-119E-4F8B-A851-4F3D8C255DEF}.Release|Any CPU.ActiveCfg = Release|Any CPU
		{55E5E258-119E-4F8B-A851-4F3D8C255DEF}.Release|Any CPU.Build.0 = Release|Any CPU
		{A7231467-3A4B-4974-9AC9-B5B72BF16167}.Debug|Any CPU.ActiveCfg = Debug|Any CPU
		{A7231467-3A4B-4974-9AC9-B5B72BF16167}.Debug|Any CPU.Build.0 = Debug|Any CPU
		{A7231467-3A4B-4974-9AC9-B5B72BF16167}.Release|Any CPU.ActiveCfg = Release|Any CPU
		{A7231467-3A4B-4974-9AC9-B5B72BF16167}.Release|Any CPU.Build.0 = Release|Any CPU
		{028C35B1-E8D9-4C62-81E7-BCCA9A120703}.Debug|Any CPU.ActiveCfg = Debug|Any CPU
		{028C35B1-E8D9-4C62-81E7-BCCA9A120703}.Debug|Any CPU.Build.0 = Debug|Any CPU
		{028C35B1-E8D9-4C62-81E7-BCCA9A120703}.Release|Any CPU.ActiveCfg = Release|Any CPU
		{028C35B1-E8D9-4C62-81E7-BCCA9A120703}.Release|Any CPU.Build.0 = Release|Any CPU
		{C3C8EE19-D98D-41C4-A4E2-B2D48618ED5E}.Debug|Any CPU.ActiveCfg = Debug|Any CPU
		{C3C8EE19-D98D-41C4-A4E2-B2D48618ED5E}.Debug|Any CPU.Build.0 = Debug|Any CPU
		{C3C8EE19-D98D-41C4-A4E2-B2D48618ED5E}.Release|Any CPU.ActiveCfg = Release|Any CPU
		{C3C8EE19-D98D-41C4-A4E2-B2D48618ED5E}.Release|Any CPU.Build.0 = Release|Any CPU
	EndGlobalSection
	GlobalSection(SolutionProperties) = preSolution
		HideSolutionNode = FALSE
	EndGlobalSection
	GlobalSection(ExtensibilityGlobals) = postSolution
		SolutionGuid = {C20D7221-F462-436E-9C9C-1062E4C79821}
	EndGlobalSection
EndGlobal
