
Microsoft Visual Studio Solution File, Format Version 12.00
# Visual Studio Version 17
VisualStudioVersion = 17.8.34309.116
MinimumVisualStudioVersion = 10.0.40219.1
Project("{9A19103F-16F7-4668-BE54-9A1E7A4F7556}") = "CustomLibrary", "Custom.Library\CustomLibrary.csproj", "{D1BA2348-C663-410B-95BC-57FFBA465DA0}"
EndProject
Project("{9A19103F-16F7-4668-BE54-9A1E7A4F7556}") = "feladat_01", "feladat_01\feladat_01.csproj", "{E789A4C8-C40B-4184-AC13-42FED5D516D8}"
EndProject
Project("{FAE04EC0-301F-11D3-BF4B-00C04F79EFBC}") = "feladat_04", "feladat_04\feladat_04.csproj", "{69D20527-412E-4499-AAE7-EB7D121AE554}"
EndProject
Project("{FAE04EC0-301F-11D3-BF4B-00C04F79EFBC}") = "feladat_07", "feladat_07\feladat_07.csproj", "{AAB6C092-6B9F-4245-A7F7-1EC6766C649E}"
EndProject
Global
	GlobalSection(SolutionConfigurationPlatforms) = preSolution
		Debug|Any CPU = Debug|Any CPU
		Release|Any CPU = Release|Any CPU
	EndGlobalSection
	GlobalSection(ProjectConfigurationPlatforms) = postSolution
		{D1BA2348-C663-410B-95BC-57FFBA465DA0}.Debug|Any CPU.ActiveCfg = Debug|Any CPU
		{D1BA2348-C663-410B-95BC-57FFBA465DA0}.Debug|Any CPU.Build.0 = Debug|Any CPU
		{D1BA2348-C663-410B-95BC-57FFBA465DA0}.Release|Any CPU.ActiveCfg = Release|Any CPU
		{D1BA2348-C663-410B-95BC-57FFBA465DA0}.Release|Any CPU.Build.0 = Release|Any CPU
		{E789A4C8-C40B-4184-AC13-42FED5D516D8}.Debug|Any CPU.ActiveCfg = Debug|Any CPU
		{E789A4C8-C40B-4184-AC13-42FED5D516D8}.Debug|Any CPU.Build.0 = Debug|Any CPU
		{E789A4C8-C40B-4184-AC13-42FED5D516D8}.Release|Any CPU.ActiveCfg = Release|Any CPU
		{E789A4C8-C40B-4184-AC13-42FED5D516D8}.Release|Any CPU.Build.0 = Release|Any CPU
		{69D20527-412E-4499-AAE7-EB7D121AE554}.Debug|Any CPU.ActiveCfg = Debug|Any CPU
		{69D20527-412E-4499-AAE7-EB7D121AE554}.Debug|Any CPU.Build.0 = Debug|Any CPU
		{69D20527-412E-4499-AAE7-EB7D121AE554}.Release|Any CPU.ActiveCfg = Release|Any CPU
		{69D20527-412E-4499-AAE7-EB7D121AE554}.Release|Any CPU.Build.0 = Release|Any CPU
		{AAB6C092-6B9F-4245-A7F7-1EC6766C649E}.Debug|Any CPU.ActiveCfg = Debug|Any CPU
		{AAB6C092-6B9F-4245-A7F7-1EC6766C649E}.Debug|Any CPU.Build.0 = Debug|Any CPU
		{AAB6C092-6B9F-4245-A7F7-1EC6766C649E}.Release|Any CPU.ActiveCfg = Release|Any CPU
		{AAB6C092-6B9F-4245-A7F7-1EC6766C649E}.Release|Any CPU.Build.0 = Release|Any CPU
	EndGlobalSection
	GlobalSection(SolutionProperties) = preSolution
		HideSolutionNode = FALSE
	EndGlobalSection
	GlobalSection(ExtensibilityGlobals) = postSolution
		SolutionGuid = {C20D7221-F462-436E-9C9C-1062E4C79821}
	EndGlobalSection
EndGlobal
