
Microsoft Visual Studio Solution File, Format Version 12.00
# Visual Studio Version 17
VisualStudioVersion = 17.0.32112.339
MinimumVisualStudioVersion = 10.0.40219.1
Project("{9A19103F-16F7-4668-BE54-9A1E7A4F7556}") = "Feladat - 01", "Feladat - 01\Feladat - 01.csproj", "{E80F07A7-0ECB-4961-A5F2-0238CB3A8BD0}"
EndProject
Project("{9A19103F-16F7-4668-BE54-9A1E7A4F7556}") = "Feladat - 02", "Feladat - 02\Feladat - 02.csproj", "{3BA39BF1-B7EF-4609-96EF-EA690F6FC088}"
EndProject
Project("{9A19103F-16F7-4668-BE54-9A1E7A4F7556}") = "Feladat - 03", "Feladat - 03\Feladat - 03.csproj", "{DD0F4B86-A27A-44B6-B0F9-37AB1657ACBA}"
EndProject
Project("{9A19103F-16F7-4668-BE54-9A1E7A4F7556}") = "Feladat - 04", "Feladat - 04\Feladat - 04.csproj", "{27DECB5A-28EE-403A-BF45-573AA83F99C7}"
EndProject
Project("{FAE04EC0-301F-11D3-BF4B-00C04F79EFBC}") = "Feladat - 00", "Feladat - 00\Feladat - 00.csproj", "{A3CFEDD8-F903-4590-B85B-B8F07D177626}"
EndProject
Global
	GlobalSection(SolutionConfigurationPlatforms) = preSolution
		Debug|Any CPU = Debug|Any CPU
		Release|Any CPU = Release|Any CPU
	EndGlobalSection
	GlobalSection(ProjectConfigurationPlatforms) = postSolution
		{E80F07A7-0ECB-4961-A5F2-0238CB3A8BD0}.Debug|Any CPU.ActiveCfg = Debug|Any CPU
		{E80F07A7-0ECB-4961-A5F2-0238CB3A8BD0}.Debug|Any CPU.Build.0 = Debug|Any CPU
		{E80F07A7-0ECB-4961-A5F2-0238CB3A8BD0}.Release|Any CPU.ActiveCfg = Release|Any CPU
		{E80F07A7-0ECB-4961-A5F2-0238CB3A8BD0}.Release|Any CPU.Build.0 = Release|Any CPU
		{3BA39BF1-B7EF-4609-96EF-EA690F6FC088}.Debug|Any CPU.ActiveCfg = Debug|Any CPU
		{3BA39BF1-B7EF-4609-96EF-EA690F6FC088}.Debug|Any CPU.Build.0 = Debug|Any CPU
		{3BA39BF1-B7EF-4609-96EF-EA690F6FC088}.Release|Any CPU.ActiveCfg = Release|Any CPU
		{3BA39BF1-B7EF-4609-96EF-EA690F6FC088}.Release|Any CPU.Build.0 = Release|Any CPU
		{DD0F4B86-A27A-44B6-B0F9-37AB1657ACBA}.Debug|Any CPU.ActiveCfg = Debug|Any CPU
		{DD0F4B86-A27A-44B6-B0F9-37AB1657ACBA}.Debug|Any CPU.Build.0 = Debug|Any CPU
		{DD0F4B86-A27A-44B6-B0F9-37AB1657ACBA}.Release|Any CPU.ActiveCfg = Release|Any CPU
		{DD0F4B86-A27A-44B6-B0F9-37AB1657ACBA}.Release|Any CPU.Build.0 = Release|Any CPU
		{27DECB5A-28EE-403A-BF45-573AA83F99C7}.Debug|Any CPU.ActiveCfg = Debug|Any CPU
		{27DECB5A-28EE-403A-BF45-573AA83F99C7}.Debug|Any CPU.Build.0 = Debug|Any CPU
		{27DECB5A-28EE-403A-BF45-573AA83F99C7}.Release|Any CPU.ActiveCfg = Release|Any CPU
		{27DECB5A-28EE-403A-BF45-573AA83F99C7}.Release|Any CPU.Build.0 = Release|Any CPU
		{A3CFEDD8-F903-4590-B85B-B8F07D177626}.Debug|Any CPU.ActiveCfg = Debug|Any CPU
		{A3CFEDD8-F903-4590-B85B-B8F07D177626}.Debug|Any CPU.Build.0 = Debug|Any CPU
		{A3CFEDD8-F903-4590-B85B-B8F07D177626}.Release|Any CPU.ActiveCfg = Release|Any CPU
		{A3CFEDD8-F903-4590-B85B-B8F07D177626}.Release|Any CPU.Build.0 = Release|Any CPU
	EndGlobalSection
	GlobalSection(SolutionProperties) = preSolution
		HideSolutionNode = FALSE
	EndGlobalSection
	GlobalSection(ExtensibilityGlobals) = postSolution
		SolutionGuid = {791DE30F-69BF-41DC-B726-A19D3291FE77}
	EndGlobalSection
EndGlobal
