
Microsoft Visual Studio Solution File, Format Version 12.00
# Visual Studio Version 17
VisualStudioVersion = 17.9.34723.18
MinimumVisualStudioVersion = 10.0.40219.1
Project("{9A19103F-16F7-4668-BE54-9A1E7A4F7556}") = "Custom.Library", "Custom.Library\Custom.Library.csproj", "{E6098D5F-D9B7-4034-8DD7-110C712E42AF}"
EndProject
Project("{9A19103F-16F7-4668-BE54-9A1E7A4F7556}") = "MessageSenderClient", "MessageSenderClient\MessageSenderClient.csproj", "{544160C1-724B-48A8-AE35-255946B134B1}"
EndProject
Global
	GlobalSection(SolutionConfigurationPlatforms) = preSolution
		Debug|Any CPU = Debug|Any CPU
		Release|Any CPU = Release|Any CPU
	EndGlobalSection
	GlobalSection(ProjectConfigurationPlatforms) = postSolution
		{E6098D5F-D9B7-4034-8DD7-110C712E42AF}.Debug|Any CPU.ActiveCfg = Debug|Any CPU
		{E6098D5F-D9B7-4034-8DD7-110C712E42AF}.Debug|Any CPU.Build.0 = Debug|Any CPU
		{E6098D5F-D9B7-4034-8DD7-110C712E42AF}.Release|Any CPU.ActiveCfg = Release|Any CPU
		{E6098D5F-D9B7-4034-8DD7-110C712E42AF}.Release|Any CPU.Build.0 = Release|Any CPU
		{544160C1-724B-48A8-AE35-255946B134B1}.Debug|Any CPU.ActiveCfg = Debug|Any CPU
		{544160C1-724B-48A8-AE35-255946B134B1}.Debug|Any CPU.Build.0 = Debug|Any CPU
		{544160C1-724B-48A8-AE35-255946B134B1}.Release|Any CPU.ActiveCfg = Release|Any CPU
		{544160C1-724B-48A8-AE35-255946B134B1}.Release|Any CPU.Build.0 = Release|Any CPU
	EndGlobalSection
	GlobalSection(SolutionProperties) = preSolution
		HideSolutionNode = FALSE
	EndGlobalSection
	GlobalSection(ExtensibilityGlobals) = postSolution
		SolutionGuid = {2838B59B-07AA-4AA1-8B9A-80A48C2958D5}
	EndGlobalSection
EndGlobal
