
Microsoft Visual Studio Solution File, Format Version 12.00
# Visual Studio Version 17
VisualStudioVersion = 17.8.34601.278
MinimumVisualStudioVersion = 10.0.40219.1
Project("{9A19103F-16F7-4668-BE54-9A1E7A4F7556}") = "CustomLibrary", "Custom.Library\CustomLibrary.csproj", "{57A85893-49EB-4A2B-9751-7D0A5916590B}"
EndProject
Project("{9A19103F-16F7-4668-BE54-9A1E7A4F7556}") = "feladat_05", "feladat_05\feladat_05.csproj", "{A87F50E1-20E9-4682-973E-5AE831C3AC55}"
EndProject
Project("{9A19103F-16F7-4668-BE54-9A1E7A4F7556}") = "feladat_01", "feladat_01\feladat_01.csproj", "{24A45FF3-1A10-4A45-8669-E3144A95C569}"
EndProject
Project("{9A19103F-16F7-4668-BE54-9A1E7A4F7556}") = "feladat_02", "feladat_02\feladat_02.csproj", "{A98F1651-434A-46A6-8772-3E52C21F4653}"
EndProject
Project("{9A19103F-16F7-4668-BE54-9A1E7A4F7556}") = "feladat_03", "feladat_03\feladat_03.csproj", "{AC638802-D4F4-4742-89B6-6CEF1675AF98}"
EndProject
Project("{9A19103F-16F7-4668-BE54-9A1E7A4F7556}") = "feladat_04", "feladat_04\feladat_04.csproj", "{4F094B59-A901-4713-8B83-FBD17F75A2EB}"
EndProject
Project("{9A19103F-16F7-4668-BE54-9A1E7A4F7556}") = "feladat_06", "feladat_06\feladat_06.csproj", "{457E9B86-2EB5-4C1F-8CA2-869F7907098E}"
EndProject
Project("{9A19103F-16F7-4668-BE54-9A1E7A4F7556}") = "feladat_07", "feladat_07\feladat_07.csproj", "{7CFD762D-C7AF-43EC-B98A-32A3F3BC5EDE}"
EndProject
Global
	GlobalSection(SolutionConfigurationPlatforms) = preSolution
		Debug|Any CPU = Debug|Any CPU
		Release|Any CPU = Release|Any CPU
	EndGlobalSection
	GlobalSection(ProjectConfigurationPlatforms) = postSolution
		{57A85893-49EB-4A2B-9751-7D0A5916590B}.Debug|Any CPU.ActiveCfg = Debug|Any CPU
		{57A85893-49EB-4A2B-9751-7D0A5916590B}.Debug|Any CPU.Build.0 = Debug|Any CPU
		{57A85893-49EB-4A2B-9751-7D0A5916590B}.Release|Any CPU.ActiveCfg = Release|Any CPU
		{57A85893-49EB-4A2B-9751-7D0A5916590B}.Release|Any CPU.Build.0 = Release|Any CPU
		{A87F50E1-20E9-4682-973E-5AE831C3AC55}.Debug|Any CPU.ActiveCfg = Debug|Any CPU
		{A87F50E1-20E9-4682-973E-5AE831C3AC55}.Debug|Any CPU.Build.0 = Debug|Any CPU
		{A87F50E1-20E9-4682-973E-5AE831C3AC55}.Release|Any CPU.ActiveCfg = Release|Any CPU
		{A87F50E1-20E9-4682-973E-5AE831C3AC55}.Release|Any CPU.Build.0 = Release|Any CPU
		{24A45FF3-1A10-4A45-8669-E3144A95C569}.Debug|Any CPU.ActiveCfg = Debug|Any CPU
		{24A45FF3-1A10-4A45-8669-E3144A95C569}.Debug|Any CPU.Build.0 = Debug|Any CPU
		{24A45FF3-1A10-4A45-8669-E3144A95C569}.Release|Any CPU.ActiveCfg = Release|Any CPU
		{24A45FF3-1A10-4A45-8669-E3144A95C569}.Release|Any CPU.Build.0 = Release|Any CPU
		{A98F1651-434A-46A6-8772-3E52C21F4653}.Debug|Any CPU.ActiveCfg = Debug|Any CPU
		{A98F1651-434A-46A6-8772-3E52C21F4653}.Debug|Any CPU.Build.0 = Debug|Any CPU
		{A98F1651-434A-46A6-8772-3E52C21F4653}.Release|Any CPU.ActiveCfg = Release|Any CPU
		{A98F1651-434A-46A6-8772-3E52C21F4653}.Release|Any CPU.Build.0 = Release|Any CPU
		{AC638802-D4F4-4742-89B6-6CEF1675AF98}.Debug|Any CPU.ActiveCfg = Debug|Any CPU
		{AC638802-D4F4-4742-89B6-6CEF1675AF98}.Debug|Any CPU.Build.0 = Debug|Any CPU
		{AC638802-D4F4-4742-89B6-6CEF1675AF98}.Release|Any CPU.ActiveCfg = Release|Any CPU
		{AC638802-D4F4-4742-89B6-6CEF1675AF98}.Release|Any CPU.Build.0 = Release|Any CPU
		{4F094B59-A901-4713-8B83-FBD17F75A2EB}.Debug|Any CPU.ActiveCfg = Debug|Any CPU
		{4F094B59-A901-4713-8B83-FBD17F75A2EB}.Debug|Any CPU.Build.0 = Debug|Any CPU
		{4F094B59-A901-4713-8B83-FBD17F75A2EB}.Release|Any CPU.ActiveCfg = Release|Any CPU
		{4F094B59-A901-4713-8B83-FBD17F75A2EB}.Release|Any CPU.Build.0 = Release|Any CPU
		{457E9B86-2EB5-4C1F-8CA2-869F7907098E}.Debug|Any CPU.ActiveCfg = Debug|Any CPU
		{457E9B86-2EB5-4C1F-8CA2-869F7907098E}.Debug|Any CPU.Build.0 = Debug|Any CPU
		{457E9B86-2EB5-4C1F-8CA2-869F7907098E}.Release|Any CPU.ActiveCfg = Release|Any CPU
		{457E9B86-2EB5-4C1F-8CA2-869F7907098E}.Release|Any CPU.Build.0 = Release|Any CPU
		{7CFD762D-C7AF-43EC-B98A-32A3F3BC5EDE}.Debug|Any CPU.ActiveCfg = Debug|Any CPU
		{7CFD762D-C7AF-43EC-B98A-32A3F3BC5EDE}.Debug|Any CPU.Build.0 = Debug|Any CPU
		{7CFD762D-C7AF-43EC-B98A-32A3F3BC5EDE}.Release|Any CPU.ActiveCfg = Release|Any CPU
		{7CFD762D-C7AF-43EC-B98A-32A3F3BC5EDE}.Release|Any CPU.Build.0 = Release|Any CPU
	EndGlobalSection
	GlobalSection(SolutionProperties) = preSolution
		HideSolutionNode = FALSE
	EndGlobalSection
	GlobalSection(ExtensibilityGlobals) = postSolution
		SolutionGuid = {BFBA4130-D22C-442C-9E0B-511ED11B17FF}
	EndGlobalSection
EndGlobal
